
Microsoft Visual Studio Solution File, Format Version 12.00
# Visual Studio Version 16
VisualStudioVersion = 16.0.31205.134
MinimumVisualStudioVersion = 10.0.40219.1
Project("{FAE04EC0-301F-11D3-BF4B-00C04F79EFBC}") = "UniversalNoRecoil2", "UniversalNoRecoil2.csproj", "{BC763976-57EF-4237-915F-2FD72AFA1A87}"
EndProject
Global
	GlobalSection(SolutionConfigurationPlatforms) = preSolution
		Debug|Any CPU = Debug|Any CPU
		Release|Any CPU = Release|Any CPU
	EndGlobalSection
	GlobalSection(ProjectConfigurationPlatforms) = postSolution
		{BC763976-57EF-4237-915F-2FD72AFA1A87}.Debug|Any CPU.ActiveCfg = Debug|Any CPU
		{BC763976-57EF-4237-915F-2FD72AFA1A87}.Debug|Any CPU.Build.0 = Debug|Any CPU
		{BC763976-57EF-4237-915F-2FD72AFA1A87}.Release|Any CPU.ActiveCfg = Release|Any CPU
		{BC763976-57EF-4237-915F-2FD72AFA1A87}.Release|Any CPU.Build.0 = Release|Any CPU
	EndGlobalSection
	GlobalSection(SolutionProperties) = preSolution
		HideSolutionNode = FALSE
	EndGlobalSection
	GlobalSection(ExtensibilityGlobals) = postSolution
		SolutionGuid = {32DE129F-1B80-4F30-9C24-6C518B78251F}
	EndGlobalSection
EndGlobal
